
Microsoft Visual Studio Solution File, Format Version 12.00
# Visual Studio 15
VisualStudioVersion = 15.0.27428.2015
MinimumVisualStudioVersion = 10.0.40219.1
Project("{FAE04EC0-301F-11D3-BF4B-00C04F79EFBC}") = "Mines", "Mines\Mines.csproj", "{0D42B8C3-9536-4544-B709-C286C3FEF112}"
EndProject
Global
	GlobalSection(SolutionConfigurationPlatforms) = preSolution
		Debug|Any CPU = Debug|Any CPU
		Release|Any CPU = Release|Any CPU
	EndGlobalSection
	GlobalSection(ProjectConfigurationPlatforms) = postSolution
		{0D42B8C3-9536-4544-B709-C286C3FEF112}.Debug|Any CPU.ActiveCfg = Debug|Any CPU
		{0D42B8C3-9536-4544-B709-C286C3FEF112}.Debug|Any CPU.Build.0 = Debug|Any CPU
		{0D42B8C3-9536-4544-B709-C286C3FEF112}.Release|Any CPU.ActiveCfg = Release|Any CPU
		{0D42B8C3-9536-4544-B709-C286C3FEF112}.Release|Any CPU.Build.0 = Release|Any CPU
	EndGlobalSection
	GlobalSection(SolutionProperties) = preSolution
		HideSolutionNode = FALSE
	EndGlobalSection
	GlobalSection(ExtensibilityGlobals) = postSolution
		SolutionGuid = {CE603753-C88F-4CFB-9FEA-794D3B76E9CB}
	EndGlobalSection
EndGlobal
